// !$*UTF8*$!
{
	archiveVersion = 1;
	classes = {
	};
	objectVersion = 48;
	objects = {

/* Begin PBXBuildFile section */
		8FCEF56A1E0B7540004B6762 /* libcurl.3.tbd in Frameworks */ = {isa = PBXBuildFile; fileRef = 8FCEF5691E0B7540004B6762 /* libcurl.3.tbd */; };
		8FE3D8821ACBC71E001CCF77 /* MacChatScript in Copy Files */ = {isa = PBXBuildFile; fileRef = 8FB930071ACBBC3F00BD7EF2 /* MacChatScript */; };
/* End PBXBuildFile section */

/* Begin PBXCopyFilesBuildPhase section */
		8FEAA5971ACBC6600025AF54 /* Copy Files */ = {
			isa = PBXCopyFilesBuildPhase;
			buildActionMask = 12;
			dstPath = "${PROJECT_DIR}/../..";
			dstSubfolderSpec = 0;
			files = (
				8FE3D8821ACBC71E001CCF77 /* MacChatScript in Copy Files */,
			);
			name = "Copy Files";
			runOnlyForDeploymentPostprocessing = 0;
		};
/* End PBXCopyFilesBuildPhase section */

/* Begin PBXFileReference section */
		8F32F3931E6CE222002D388C /* SRC */ = {isa = PBXFileReference; lastKnownFileType = folder; name = SRC; path = ../../SRC; sourceTree = "<group>"; };
		8FB930071ACBBC3F00BD7EF2 /* MacChatScript */ = {isa = PBXFileReference; explicitFileType = "compiled.mach-o.executable"; includeInIndex = 0; path = MacChatScript; sourceTree = BUILT_PRODUCTS_DIR; };
		8FCEF5691E0B7540004B6762 /* libcurl.3.tbd */ = {isa = PBXFileReference; lastKnownFileType = "sourcecode.text-based-dylib-definition"; name = libcurl.3.tbd; path = usr/lib/libcurl.3.tbd; sourceTree = SDKROOT; };
/* End PBXFileReference section */

/* Begin PBXFrameworksBuildPhase section */
		8FB930041ACBBC3F00BD7EF2 /* Frameworks */ = {
			isa = PBXFrameworksBuildPhase;
			buildActionMask = 2147483647;
			files = (
				8FCEF56A1E0B7540004B6762 /* libcurl.3.tbd in Frameworks */,
			);
			runOnlyForDeploymentPostprocessing = 0;
		};
/* End PBXFrameworksBuildPhase section */

/* Begin PBXGroup section */
		8F2A54AB1C606DB700305D6A /* Source */ = {
			isa = PBXGroup;
			children = (
				8F32F3931E6CE222002D388C /* SRC */,
			);
			name = Source;
			sourceTree = "<group>";
		};
		8FB92FFE1ACBBC3F00BD7EF2 = {
			isa = PBXGroup;
			children = (
				8F2A54AB1C606DB700305D6A /* Source */,
				8FB930081ACBBC3F00BD7EF2 /* Products */,
				8FCEF5681E0B7540004B6762 /* Frameworks */,
			);
			sourceTree = "<group>";
		};
		8FB930081ACBBC3F00BD7EF2 /* Products */ = {
			isa = PBXGroup;
			children = (
				8FB930071ACBBC3F00BD7EF2 /* MacChatScript */,
			);
			name = Products;
			sourceTree = "<group>";
		};
		8FCEF5681E0B7540004B6762 /* Frameworks */ = {
			isa = PBXGroup;
			children = (
				8FCEF5691E0B7540004B6762 /* libcurl.3.tbd */,
			);
			name = Frameworks;
			sourceTree = "<group>";
		};
/* End PBXGroup section */

/* Begin PBXNativeTarget section */
		8FB930061ACBBC3F00BD7EF2 /* MacChatScript */ = {
			isa = PBXNativeTarget;
			buildConfigurationList = 8FB9300E1ACBBC3F00BD7EF2 /* Build configuration list for PBXNativeTarget "MacChatScript" */;
			buildPhases = (
				8FB930031ACBBC3F00BD7EF2 /* Sources */,
				8FB930041ACBBC3F00BD7EF2 /* Frameworks */,
				8FEAA5971ACBC6600025AF54 /* Copy Files */,
			);
			buildRules = (
			);
			dependencies = (
			);
			name = MacChatScript;
			productName = Xcode;
			productReference = 8FB930071ACBBC3F00BD7EF2 /* MacChatScript */;
			productType = "com.apple.product-type.tool";
		};
/* End PBXNativeTarget section */

/* Begin PBXProject section */
		8FB92FFF1ACBBC3F00BD7EF2 /* Project object */ = {
			isa = PBXProject;
			attributes = {
				LastUpgradeCheck = 0820;
				ORGANIZATIONNAME = "Bruce Wilcox";
				TargetAttributes = {
					8FB930061ACBBC3F00BD7EF2 = {
						CreatedOnToolsVersion = 6.2;
					};
				};
			};
			buildConfigurationList = 8FB930021ACBBC3F00BD7EF2 /* Build configuration list for PBXProject "MacChatScript" */;
			compatibilityVersion = "Xcode 8.0";
			developmentRegion = English;
			hasScannedForEncodings = 0;
			knownRegions = (
				en,
			);
			mainGroup = 8FB92FFE1ACBBC3F00BD7EF2;
			productRefGroup = 8FB930081ACBBC3F00BD7EF2 /* Products */;
			projectDirPath = "";
			projectRoot = "";
			targets = (
				8FB930061ACBBC3F00BD7EF2 /* MacChatScript */,
			);
		};
/* End PBXProject section */

/* Begin PBXSourcesBuildPhase section */
		8FB930031ACBBC3F00BD7EF2 /* Sources */ = {
			isa = PBXSourcesBuildPhase;
			buildActionMask = 2147483647;
			files = (
			);
			runOnlyForDeploymentPostprocessing = 0;
		};
/* End PBXSourcesBuildPhase section */

/* Begin XCBuildConfiguration section */
		8FB9300C1ACBBC3F00BD7EF2 /* Debug */ = {
			isa = XCBuildConfiguration;
			buildSettings = {
				ALWAYS_SEARCH_USER_PATHS = NO;
				ARCHS = "$(ARCHS_STANDARD_32_64_BIT)";
				CLANG_CXX_LANGUAGE_STANDARD = "c++0x";
				CLANG_CXX_LIBRARY = "libc++";
				CLANG_ENABLE_MODULES = YES;
				CLANG_ENABLE_OBJC_ARC = YES;
				CLANG_WARN_BOOL_CONVERSION = YES;
				CLANG_WARN_CONSTANT_CONVERSION = YES;
				CLANG_WARN_DIRECT_OBJC_ISA_USAGE = YES_ERROR;
				CLANG_WARN_EMPTY_BODY = YES;
				CLANG_WARN_ENUM_CONVERSION = YES;
				CLANG_WARN_INFINITE_RECURSION = YES;
				CLANG_WARN_INT_CONVERSION = YES;
				CLANG_WARN_OBJC_ROOT_CLASS = YES_ERROR;
				CLANG_WARN_SUSPICIOUS_MOVE = YES;
				CLANG_WARN_UNREACHABLE_CODE = YES;
				CLANG_WARN__DUPLICATE_METHOD_MATCH = YES;
				COPY_PHASE_STRIP = NO;
				ENABLE_STRICT_OBJC_MSGSEND = YES;
				ENABLE_TESTABILITY = YES;
				GCC_C_LANGUAGE_STANDARD = "compiler-default";
				GCC_DYNAMIC_NO_PIC = NO;
				GCC_INCREASE_PRECOMPILED_HEADER_SHARING = NO;
				GCC_NO_COMMON_BLOCKS = YES;
				GCC_OPTIMIZATION_LEVEL = 0;
				GCC_PRECOMPILE_PREFIX_HEADER = NO;
				GCC_PREPROCESSOR_DEFINITIONS = (
					"DEBUG=1",
					"$(inherited)",
				);
				GCC_SYMBOLS_PRIVATE_EXTERN = NO;
				GCC_WARN_64_TO_32_BIT_CONVERSION = YES;
				GCC_WARN_ABOUT_RETURN_TYPE = YES_ERROR;
				GCC_WARN_UNDECLARED_SELECTOR = YES;
				GCC_WARN_UNINITIALIZED_AUTOS = YES_AGGRESSIVE;
				GCC_WARN_UNUSED_FUNCTION = YES;
				GCC_WARN_UNUSED_VARIABLE = YES;
				HEADER_SEARCH_PATHS = "";
				MACOSX_DEPLOYMENT_TARGET = 10.12;
				MTL_ENABLE_DEBUG_INFO = YES;
				ONLY_ACTIVE_ARCH = NO;
				OTHER_CFLAGS = "";
				OTHER_CPLUSPLUSFLAGS = "$(OTHER_CFLAGS)";
				SCAN_ALL_SOURCE_FILES_FOR_INCLUDES = NO;
				SDKROOT = macosx;
				USER_HEADER_SEARCH_PATHS = "";
				USE_HEADERMAP = YES;
			};
			name = Debug;
		};
		8FB9300D1ACBBC3F00BD7EF2 /* Release */ = {
			isa = XCBuildConfiguration;
			buildSettings = {
				ALWAYS_SEARCH_USER_PATHS = NO;
				ARCHS = "$(ARCHS_STANDARD_32_64_BIT)";
				CLANG_CXX_LANGUAGE_STANDARD = "c++0x";
				CLANG_CXX_LIBRARY = "libc++";
				CLANG_ENABLE_MODULES = YES;
				CLANG_ENABLE_OBJC_ARC = YES;
				CLANG_WARN_BOOL_CONVERSION = YES;
				CLANG_WARN_CONSTANT_CONVERSION = YES;
				CLANG_WARN_DIRECT_OBJC_ISA_USAGE = YES_ERROR;
				CLANG_WARN_EMPTY_BODY = YES;
				CLANG_WARN_ENUM_CONVERSION = YES;
				CLANG_WARN_INFINITE_RECURSION = YES;
				CLANG_WARN_INT_CONVERSION = YES;
				CLANG_WARN_OBJC_ROOT_CLASS = YES_ERROR;
				CLANG_WARN_SUSPICIOUS_MOVE = YES;
				CLANG_WARN_UNREACHABLE_CODE = YES;
				CLANG_WARN__DUPLICATE_METHOD_MATCH = YES;
				COPY_PHASE_STRIP = NO;
				DEBUG_INFORMATION_FORMAT = "dwarf-with-dsym";
				ENABLE_NS_ASSERTIONS = NO;
				ENABLE_STRICT_OBJC_MSGSEND = YES;
				GCC_C_LANGUAGE_STANDARD = "compiler-default";
				GCC_INCREASE_PRECOMPILED_HEADER_SHARING = NO;
				GCC_NO_COMMON_BLOCKS = YES;
				GCC_PRECOMPILE_PREFIX_HEADER = NO;
				GCC_WARN_64_TO_32_BIT_CONVERSION = YES;
				GCC_WARN_ABOUT_RETURN_TYPE = YES_ERROR;
				GCC_WARN_UNDECLARED_SELECTOR = YES;
				GCC_WARN_UNINITIALIZED_AUTOS = YES_AGGRESSIVE;
				GCC_WARN_UNUSED_FUNCTION = YES;
				GCC_WARN_UNUSED_VARIABLE = YES;
				HEADER_SEARCH_PATHS = "";
				MACOSX_DEPLOYMENT_TARGET = 10.12;
				MTL_ENABLE_DEBUG_INFO = NO;
				ONLY_ACTIVE_ARCH = NO;
				OTHER_CFLAGS = "";
				OTHER_CPLUSPLUSFLAGS = "$(OTHER_CFLAGS)";
				SCAN_ALL_SOURCE_FILES_FOR_INCLUDES = NO;
				SDKROOT = macosx;
				USER_HEADER_SEARCH_PATHS = "";
				USE_HEADERMAP = YES;
			};
			name = Release;
		};
		8FB9300F1ACBBC3F00BD7EF2 /* Debug */ = {
			isa = XCBuildConfiguration;
			buildSettings = {
				CLANG_CXX_LANGUAGE_STANDARD = "c++0x";
				CLANG_CXX_LIBRARY = "libc++";
				GCC_C_LANGUAGE_STANDARD = "compiler-default";
				GCC_INCREASE_PRECOMPILED_HEADER_SHARING = YES;
				GCC_NO_COMMON_BLOCKS = YES;
				GCC_PREPROCESSOR_DEFINITIONS = (
					"DISCARDPOSTGRES=1",
					"DISCARDMONGO=1",
					"EVSERVER_FORK=1",
					"LOCKUSERFILE=1",
					"EVSERVER=1",
					DISCARDMYSQL,
				);
				ONLY_ACTIVE_ARCH = NO;
				PRODUCT_NAME = MacChatScript;
			};
			name = Debug;
		};
		8FB930101ACBBC3F00BD7EF2 /* Release */ = {
			isa = XCBuildConfiguration;
			buildSettings = {
				CLANG_CXX_LANGUAGE_STANDARD = "c++0x";
				CLANG_CXX_LIBRARY = "libc++";
				GCC_C_LANGUAGE_STANDARD = "compiler-default";
				GCC_INCREASE_PRECOMPILED_HEADER_SHARING = YES;
				GCC_NO_COMMON_BLOCKS = YES;
				GCC_PREPROCESSOR_DEFINITIONS = (
					"DISCARDPOSTGRES=1",
					"DISCARDMONGO=1",
					"EVSERVER_FORK=1",
					"LOCKUSERFILE=1",
					"EVSERVER=1",
					DISCARDMYSQL,
				);
				ONLY_ACTIVE_ARCH = NO;
				PRODUCT_NAME = MacChatScript;
			};
			name = Release;
		};
/* End XCBuildConfiguration section */

/* Begin XCConfigurationList section */
		8FB930021ACBBC3F00BD7EF2 /* Build configuration list for PBXProject "MacChatScript" */ = {
			isa = XCConfigurationList;
			buildConfigurations = (
				8FB9300C1ACBBC3F00BD7EF2 /* Debug */,
				8FB9300D1ACBBC3F00BD7EF2 /* Release */,
			);
			defaultConfigurationIsVisible = 0;
			defaultConfigurationName = Release;
		};
		8FB9300E1ACBBC3F00BD7EF2 /* Build configuration list for PBXNativeTarget "MacChatScript" */ = {
			isa = XCConfigurationList;
			buildConfigurations = (
				8FB9300F1ACBBC3F00BD7EF2 /* Debug */,
				8FB930101ACBBC3F00BD7EF2 /* Release */,
			);
			defaultConfigurationIsVisible = 0;
			defaultConfigurationName = Release;
		};
/* End XCConfigurationList section */
	};
	rootObject = 8FB92FFF1ACBBC3F00BD7EF2 /* Project object */;
}
